{
    "_meta": {
        "hash": {
            "sha256": "3f820446332947e7fb55e32d919433cbf92c5cf846cd472e046b4379442e5090"
        },
        "pipfile-spec": 6,
        "requires": {
            "python_version": "3.12"
        },
        "sources": [
            {
                "name": "pypi",
                "url": "https://pypi.org/simple",
                "verify_ssl": true
            }
        ]
    },
    "default": {
        "jaconv": {
            "hashes": [
                "sha256:32da74b247f276e09a52d6b35c153df2387965cb85a6f034cc8af21d446f8161"
            ],
            "index": "pypi",
            "version": "==0.4.0"
        }
    },
    "develop": {}
}
